
Microsoft Visual Studio Solution File, Format Version 12.00
# Visual Studio Version 16
VisualStudioVersion = 16.0.32106.194
MinimumVisualStudioVersion = 10.0.40219.1
Project("{FAE04EC0-301F-11D3-BF4B-00C04F79EFBC}") = "FilmesAPI", "FilmesAPI\FilmesAPI.csproj", "{AD3324D4-8CA9-4748-9D14-1F8681A392C7}"
EndProject
Global
	GlobalSection(SolutionConfigurationPlatforms) = preSolution
		Debug|Any CPU = Debug|Any CPU
		Release|Any CPU = Release|Any CPU
	EndGlobalSection
	GlobalSection(ProjectConfigurationPlatforms) = postSolution
		{AD3324D4-8CA9-4748-9D14-1F8681A392C7}.Debug|Any CPU.ActiveCfg = Debug|Any CPU
		{AD3324D4-8CA9-4748-9D14-1F8681A392C7}.Debug|Any CPU.Build.0 = Debug|Any CPU
		{AD3324D4-8CA9-4748-9D14-1F8681A392C7}.Release|Any CPU.ActiveCfg = Release|Any CPU
		{AD3324D4-8CA9-4748-9D14-1F8681A392C7}.Release|Any CPU.Build.0 = Release|Any CPU
	EndGlobalSection
	GlobalSection(SolutionProperties) = preSolution
		HideSolutionNode = FALSE
	EndGlobalSection
	GlobalSection(ExtensibilityGlobals) = postSolution
		SolutionGuid = {1299D2AB-4229-4FAE-A756-1A30A2FBD0E9}
	EndGlobalSection
EndGlobal
